<?xml version="1.0" encoding="utf-8"?>
<Project ToolsVersion="4.0" xmlns="http://schemas.microsoft.com/developer/msbuild/2003">
  <ItemGroup>
    <Filter Include="Source Files">
      <UniqueIdentifier>{4FC737F1-C7A5-4376-A066-2A32D752A2FF}</UniqueIdentifier>
      <Extensions>cpp;c;cc;cxx;def;odl;idl;hpj;bat;asm;asmx</Extensions>
    </Filter>
    <Filter Include="Header Files">
      <UniqueIdentifier>{93995380-89BD-4b04-88EB-625FBE52EBFB}</UniqueIdentifier>
      <Extensions>h;hh;hpp;hxx;hm;inl;inc;xsd</Extensions>
    </Filter>
    <Filter Include="Resource Files">
      <UniqueIdentifier>{67DA6AB6-F800-4c08-8B7A-83BB121AAD01}</UniqueIdentifier>
      <Extensions>rc;ico;cur;bmp;dlg;rc2;rct;bin;rgs;gif;jpg;jpeg;jpe;resx;tiff;tif;png;wav</Extensions>
    </Filter>
  </ItemGroup>
  <ItemGroup>
    <ClCompile Include="..\src\bucket.c">
      <Filter>Source Files</Filter>
    </ClCompile>
    <ClCompile Include="..\src\bucket_metadata.c">
      <Filter>Source Files</Filter>
    </ClCompile>
    <ClCompile Include="..\src\error_parser.c">
      <Filter>Source Files</Filter>
    </ClCompile>
    <ClCompile Include="..\src\general.c">
      <Filter>Source Files</Filter>
    </ClCompile>
    <ClCompile Include="..\src\mingw_functions.c">
      <Filter>Source Files</Filter>
    </ClCompile>
    <ClCompile Include="..\src\multipart.c">
      <Filter>Source Files</Filter>
    </ClCompile>
    <ClCompile Include="..\src\object.c">
      <Filter>Source Files</Filter>
    </ClCompile>
    <ClCompile Include="..\src\request.c">
      <Filter>Source Files</Filter>
    </ClCompile>
    <ClCompile Include="..\src\request_context.c">
      <Filter>Source Files</Filter>
    </ClCompile>
    <ClCompile Include="..\src\response_headers_handler.c">
      <Filter>Source Files</Filter>
    </ClCompile>
    <ClCompile Include="..\src\service.c">
      <Filter>Source Files</Filter>
    </ClCompile>
    <ClCompile Include="..\src\service_access_logging.c">
      <Filter>Source Files</Filter>
    </ClCompile>
    <ClCompile Include="..\src\simplexml.c">
      <Filter>Source Files</Filter>
    </ClCompile>
    <ClCompile Include="..\src\util.c">
      <Filter>Source Files</Filter>
    </ClCompile>
  </ItemGroup>
  <ItemGroup>
    <ClInclude Include="..\inc\error_parser.h">
      <Filter>Header Files</Filter>
    </ClInclude>
    <ClInclude Include="..\inc\libs3.h">
      <Filter>Header Files</Filter>
    </ClInclude>
    <ClInclude Include="..\inc\request.h">
      <Filter>Header Files</Filter>
    </ClInclude>
    <ClInclude Include="..\inc\request_context.h">
      <Filter>Header Files</Filter>
    </ClInclude>
    <ClInclude Include="..\inc\response_headers_handler.h">
      <Filter>Header Files</Filter>
    </ClInclude>
    <ClInclude Include="..\inc\simplexml.h">
      <Filter>Header Files</Filter>
    </ClInclude>
    <ClInclude Include="..\inc\string_buffer.h">
      <Filter>Header Files</Filter>
    </ClInclude>
    <ClInclude Include="..\inc\util.h">
      <Filter>Header Files</Filter>
    </ClInclude>
  </ItemGroup>
  <ItemGroup>
    <None Include="libs3.def">
      <Filter>Source Files</Filter>
    </None>
  </ItemGroup>
</Project>